
Microsoft Visual Studio Solution File, Format Version 11.00
# Visual Studio 2010
Project("{FAE04EC0-301F-11D3-BF4B-00C04F79EFBC}") = "TestePratico.Web", "TestePratico.Web\TestePratico.Web.csproj", "{55DA1715-F558-4F48-8BF3-B9013076C6BB}"
	ProjectSection(ProjectDependencies) = postProject
		{C777F285-D915-4300-A13D-DFDA8B9F7946} = {C777F285-D915-4300-A13D-DFDA8B9F7946}
	EndProjectSection
EndProject
Project("{FAE04EC0-301F-11D3-BF4B-00C04F79EFBC}") = "TestePratico.Dominio", "TestePratico.Dominio\TestePratico.Dominio.csproj", "{C777F285-D915-4300-A13D-DFDA8B9F7946}"
EndProject
Global
	GlobalSection(SolutionConfigurationPlatforms) = preSolution
		Debug|Any CPU = Debug|Any CPU
		Release|Any CPU = Release|Any CPU
	EndGlobalSection
	GlobalSection(ProjectConfigurationPlatforms) = postSolution
		{55DA1715-F558-4F48-8BF3-B9013076C6BB}.Debug|Any CPU.ActiveCfg = Debug|Any CPU
		{55DA1715-F558-4F48-8BF3-B9013076C6BB}.Debug|Any CPU.Build.0 = Debug|Any CPU
		{55DA1715-F558-4F48-8BF3-B9013076C6BB}.Release|Any CPU.ActiveCfg = Release|Any CPU
		{55DA1715-F558-4F48-8BF3-B9013076C6BB}.Release|Any CPU.Build.0 = Release|Any CPU
		{C777F285-D915-4300-A13D-DFDA8B9F7946}.Debug|Any CPU.ActiveCfg = Debug|Any CPU
		{C777F285-D915-4300-A13D-DFDA8B9F7946}.Debug|Any CPU.Build.0 = Debug|Any CPU
		{C777F285-D915-4300-A13D-DFDA8B9F7946}.Release|Any CPU.ActiveCfg = Release|Any CPU
		{C777F285-D915-4300-A13D-DFDA8B9F7946}.Release|Any CPU.Build.0 = Release|Any CPU
	EndGlobalSection
	GlobalSection(SolutionProperties) = preSolution
		HideSolutionNode = FALSE
	EndGlobalSection
EndGlobal
